
Microsoft Visual Studio Solution File, Format Version 12.00
# Visual Studio Version 16
VisualStudioVersion = 16.0.32126.315
MinimumVisualStudioVersion = 10.0.40219.1
Project("{FAE04EC0-301F-11D3-BF4B-00C04F79EFBC}") = "AsyncArchiveTIA", "AsyncArchiveTIA.csproj", "{FE08AB91-610F-4339-B056-D977A52DDED7}"
EndProject
Global
	GlobalSection(SolutionConfigurationPlatforms) = preSolution
		Debug|Any CPU = Debug|Any CPU
		Release|Any CPU = Release|Any CPU
	EndGlobalSection
	GlobalSection(ProjectConfigurationPlatforms) = postSolution
		{FE08AB91-610F-4339-B056-D977A52DDED7}.Debug|Any CPU.ActiveCfg = Debug|Any CPU
		{FE08AB91-610F-4339-B056-D977A52DDED7}.Debug|Any CPU.Build.0 = Debug|Any CPU
		{FE08AB91-610F-4339-B056-D977A52DDED7}.Release|Any CPU.ActiveCfg = Release|Any CPU
		{FE08AB91-610F-4339-B056-D977A52DDED7}.Release|Any CPU.Build.0 = Release|Any CPU
	EndGlobalSection
	GlobalSection(SolutionProperties) = preSolution
		HideSolutionNode = FALSE
	EndGlobalSection
	GlobalSection(ExtensibilityGlobals) = postSolution
		SolutionGuid = {C74EE47B-FF7B-4728-B999-35F7E8872751}
	EndGlobalSection
EndGlobal
